
Microsoft Visual Studio Solution File, Format Version 12.00
# Visual Studio Version 17
VisualStudioVersion = 17.9.34728.123
MinimumVisualStudioVersion = 10.0.40219.1
Project("{FAE04EC0-301F-11D3-BF4B-00C04F79EFBC}") = "ConsoleAppToConnect", "ConsoleAppToConnect\ConsoleAppToConnect.csproj", "{1A02C45C-CE5F-4B1A-9997-98EEDB94C22B}"
EndProject
Global
	GlobalSection(SolutionConfigurationPlatforms) = preSolution
		Debug|Any CPU = Debug|Any CPU
		Release|Any CPU = Release|Any CPU
	EndGlobalSection
	GlobalSection(ProjectConfigurationPlatforms) = postSolution
		{1A02C45C-CE5F-4B1A-9997-98EEDB94C22B}.Debug|Any CPU.ActiveCfg = Debug|Any CPU
		{1A02C45C-CE5F-4B1A-9997-98EEDB94C22B}.Debug|Any CPU.Build.0 = Debug|Any CPU
		{1A02C45C-CE5F-4B1A-9997-98EEDB94C22B}.Release|Any CPU.ActiveCfg = Release|Any CPU
		{1A02C45C-CE5F-4B1A-9997-98EEDB94C22B}.Release|Any CPU.Build.0 = Release|Any CPU
	EndGlobalSection
	GlobalSection(SolutionProperties) = preSolution
		HideSolutionNode = FALSE
	EndGlobalSection
	GlobalSection(ExtensibilityGlobals) = postSolution
		SolutionGuid = {34A13820-6C6D-431C-923B-C5A76220C7DB}
	EndGlobalSection
EndGlobal
